
Microsoft Visual Studio Solution File, Format Version 12.00
# Visual Studio Version 17
VisualStudioVersion = 17.14.36212.18
MinimumVisualStudioVersion = 10.0.40219.1
Project("{FAE04EC0-301F-11D3-BF4B-00C04F79EFBC}") = "Fjeller.Convenience", "Fjeller.Convenience\Fjeller.Convenience.csproj", "{32EA9B7E-2F0F-406C-AC66-21A9E9612E5D}"
EndProject
Project("{2150E333-8FDC-42A3-9474-1A3956D46DE8}") = "Solution Items", "Solution Items", "{8EC462FD-D22E-90A8-E5CE-7E832BA40C5D}"
	ProjectSection(SolutionItems) = preProject
		.editorconfig = .editorconfig
		.gitignore = .gitignore
		LICENSE = LICENSE
		README.md = README.md
	EndProjectSection
EndProject
Project("{FAE04EC0-301F-11D3-BF4B-00C04F79EFBC}") = "Tests.Fjeller.Convenience", "Tests.Fjeller.Convenience\Tests.Fjeller.Convenience.csproj", "{A628D1CB-4671-4C79-BE21-95BD7B1768F7}"
EndProject
Global
	GlobalSection(SolutionConfigurationPlatforms) = preSolution
		Debug|Any CPU = Debug|Any CPU
		Release|Any CPU = Release|Any CPU
	EndGlobalSection
	GlobalSection(ProjectConfigurationPlatforms) = postSolution
		{32EA9B7E-2F0F-406C-AC66-21A9E9612E5D}.Debug|Any CPU.ActiveCfg = Debug|Any CPU
		{32EA9B7E-2F0F-406C-AC66-21A9E9612E5D}.Debug|Any CPU.Build.0 = Debug|Any CPU
		{32EA9B7E-2F0F-406C-AC66-21A9E9612E5D}.Release|Any CPU.ActiveCfg = Release|Any CPU
		{32EA9B7E-2F0F-406C-AC66-21A9E9612E5D}.Release|Any CPU.Build.0 = Release|Any CPU
		{A628D1CB-4671-4C79-BE21-95BD7B1768F7}.Debug|Any CPU.ActiveCfg = Debug|Any CPU
		{A628D1CB-4671-4C79-BE21-95BD7B1768F7}.Debug|Any CPU.Build.0 = Debug|Any CPU
		{A628D1CB-4671-4C79-BE21-95BD7B1768F7}.Release|Any CPU.ActiveCfg = Release|Any CPU
		{A628D1CB-4671-4C79-BE21-95BD7B1768F7}.Release|Any CPU.Build.0 = Release|Any CPU
	EndGlobalSection
	GlobalSection(SolutionProperties) = preSolution
		HideSolutionNode = FALSE
	EndGlobalSection
	GlobalSection(ExtensibilityGlobals) = postSolution
		SolutionGuid = {5D265D5D-405E-4E36-9B09-3049AB520CA7}
	EndGlobalSection
EndGlobal
